
Microsoft Visual Studio Solution File, Format Version 12.00
# Visual Studio 15
VisualStudioVersion = 15.0.27130.2010
MinimumVisualStudioVersion = 10.0.40219.1
Project("{FAE04EC0-301F-11D3-BF4B-00C04F79EFBC}") = "RazorPagesMovie", "RazorPagesMovie\RazorPagesMovie.csproj", "{DD9FC42E-867B-4622-8E68-BD41AFEE02DB}"
EndProject
Global
	GlobalSection(SolutionConfigurationPlatforms) = preSolution
		Debug|Any CPU = Debug|Any CPU
		Release|Any CPU = Release|Any CPU
	EndGlobalSection
	GlobalSection(ProjectConfigurationPlatforms) = postSolution
		{DD9FC42E-867B-4622-8E68-BD41AFEE02DB}.Debug|Any CPU.ActiveCfg = Debug|Any CPU
		{DD9FC42E-867B-4622-8E68-BD41AFEE02DB}.Debug|Any CPU.Build.0 = Debug|Any CPU
		{DD9FC42E-867B-4622-8E68-BD41AFEE02DB}.Release|Any CPU.ActiveCfg = Release|Any CPU
		{DD9FC42E-867B-4622-8E68-BD41AFEE02DB}.Release|Any CPU.Build.0 = Release|Any CPU
	EndGlobalSection
	GlobalSection(SolutionProperties) = preSolution
		HideSolutionNode = FALSE
	EndGlobalSection
	GlobalSection(ExtensibilityGlobals) = postSolution
		SolutionGuid = {A6D0C4B7-9511-4F9A-BA9D-8BF6533CF5E2}
	EndGlobalSection
EndGlobal
